
Microsoft Visual Studio Solution File, Format Version 12.00
# Visual Studio 15
Project("{FAE04EC0-301F-11D3-BF4B-00C04F79EFBC}") = "Assembly-CSharp", "Assembly-CSharp.csproj", "{F4CECCA7-7B7F-17BE-1F8D-DC0DAC7D3F7E}"
EndProject
Project("{FAE04EC0-301F-11D3-BF4B-00C04F79EFBC}") = "Assembly-CSharp-Editor", "Assembly-CSharp-Editor.csproj", "{8FAC642D-71F0-6575-2BED-33805F7D6586}"
EndProject
Global
	GlobalSection(SolutionConfigurationPlatforms) = preSolution
		Debug|Any CPU = Debug|Any CPU
		Release|Any CPU = Release|Any CPU
	EndGlobalSection
	GlobalSection(ProjectConfigurationPlatforms) = postSolution
		{F4CECCA7-7B7F-17BE-1F8D-DC0DAC7D3F7E}.Debug|Any CPU.ActiveCfg = Debug|Any CPU
		{F4CECCA7-7B7F-17BE-1F8D-DC0DAC7D3F7E}.Debug|Any CPU.Build.0 = Debug|Any CPU
		{F4CECCA7-7B7F-17BE-1F8D-DC0DAC7D3F7E}.Release|Any CPU.ActiveCfg = Release|Any CPU
		{F4CECCA7-7B7F-17BE-1F8D-DC0DAC7D3F7E}.Release|Any CPU.Build.0 = Release|Any CPU
		{8FAC642D-71F0-6575-2BED-33805F7D6586}.Debug|Any CPU.ActiveCfg = Debug|Any CPU
		{8FAC642D-71F0-6575-2BED-33805F7D6586}.Debug|Any CPU.Build.0 = Debug|Any CPU
		{8FAC642D-71F0-6575-2BED-33805F7D6586}.Release|Any CPU.ActiveCfg = Release|Any CPU
		{8FAC642D-71F0-6575-2BED-33805F7D6586}.Release|Any CPU.Build.0 = Release|Any CPU
	EndGlobalSection
	GlobalSection(SolutionProperties) = preSolution
		HideSolutionNode = FALSE
	EndGlobalSection
EndGlobal
